
Microsoft Visual Studio Solution File, Format Version 12.00
# Visual Studio 15
VisualStudioVersion = 15.0.33026.149
MinimumVisualStudioVersion = 10.0.40219.1
Project("{FAE04EC0-301F-11D3-BF4B-00C04F79EFBC}") = "MathQuiz", "MathQuiz\MathQuiz.csproj", "{AEABA09E-9CE6-440E-BD64-F5659F3FF234}"
EndProject
Global
	GlobalSection(SolutionConfigurationPlatforms) = preSolution
		Debug|Any CPU = Debug|Any CPU
		Release|Any CPU = Release|Any CPU
	EndGlobalSection
	GlobalSection(ProjectConfigurationPlatforms) = postSolution
		{AEABA09E-9CE6-440E-BD64-F5659F3FF234}.Debug|Any CPU.ActiveCfg = Debug|Any CPU
		{AEABA09E-9CE6-440E-BD64-F5659F3FF234}.Debug|Any CPU.Build.0 = Debug|Any CPU
		{AEABA09E-9CE6-440E-BD64-F5659F3FF234}.Release|Any CPU.ActiveCfg = Release|Any CPU
		{AEABA09E-9CE6-440E-BD64-F5659F3FF234}.Release|Any CPU.Build.0 = Release|Any CPU
	EndGlobalSection
	GlobalSection(SolutionProperties) = preSolution
		HideSolutionNode = FALSE
	EndGlobalSection
	GlobalSection(ExtensibilityGlobals) = postSolution
		SolutionGuid = {24EF0FA6-2B9D-41E5-9930-3C1C25D0082D}
	EndGlobalSection
EndGlobal
